{
  "requires": true,
  "lockfileVersion": 1,
  "dependencies": {
    "nodemailer": {
      "version": "4.6.7",
      "resolved": "https://registry.npmjs.org/nodemailer/-/nodemailer-4.6.7.tgz",
      "integrity": "sha512-GIAAYvs9XIP1fBa8wR89ukUh3yjL44pom5LKY5nTZcL+Zp9sRkqL8wgskyBQECQg9CPsDX/fjTZx8MNz20t0jA=="
    },
    "pushover-notifications": {
      "version": "1.0.0",
      "resolved": "https://registry.npmjs.org/pushover-notifications/-/pushover-notifications-1.0.0.tgz",
      "integrity": "sha1-lp0wll1Nyj66djLjC+2wSVikQ9o="
    }
  }
}
